
Microsoft Visual Studio Solution File, Format Version 12.00
# Visual Studio Version 16
VisualStudioVersion = 16.0.808.8
MinimumVisualStudioVersion = 10.0.40219.1
Project("{FAE04EC0-301F-11D3-BF4B-00C04F79EFBC}") = "Ejercicio2", "Ejercicio2\Ejercicio2.csproj", "{4CC9E177-92FA-49E3-B016-8914F6E5D8A6}"
EndProject
Global
	GlobalSection(SolutionConfigurationPlatforms) = preSolution
		Debug|anycpu = Debug|anycpu
		Release|anycpu = Release|anycpu
	EndGlobalSection
	GlobalSection(ProjectConfigurationPlatforms) = postSolution
		{4CC9E177-92FA-49E3-B016-8914F6E5D8A6}.Debug|anycpu.ActiveCfg = Debug|anycpu
		{4CC9E177-92FA-49E3-B016-8914F6E5D8A6}.Debug|anycpu.Build.0 = Debug|anycpu
		{4CC9E177-92FA-49E3-B016-8914F6E5D8A6}.Release|anycpu.ActiveCfg = Release|anycpu
		{4CC9E177-92FA-49E3-B016-8914F6E5D8A6}.Release|anycpu.Build.0 = Release|anycpu
	EndGlobalSection
	GlobalSection(SolutionProperties) = preSolution
		HideSolutionNode = FALSE
	EndGlobalSection
	GlobalSection(ExtensibilityGlobals) = postSolution
		SolutionGuid = {098E7FCD-B948-4C64-A4AA-6239639F2F00}
	EndGlobalSection
EndGlobal
